
Microsoft Visual Studio Solution File, Format Version 12.00
Project("{FAE04EC0-301F-11D3-BF4B-00C04F79EFBC}") = "FileDuplicationListAgent", "FileDuplicationListAgent\FileDuplicationListAgent.csproj", "{FEF8B728-861A-4C38-9388-E042BDD9B234}"
EndProject
Global
	GlobalSection(SolutionConfigurationPlatforms) = preSolution
		Debug|Any CPU = Debug|Any CPU
		Release|Any CPU = Release|Any CPU
	EndGlobalSection
	GlobalSection(ProjectConfigurationPlatforms) = postSolution
		{FEF8B728-861A-4C38-9388-E042BDD9B234}.Debug|Any CPU.ActiveCfg = Debug|Any CPU
		{FEF8B728-861A-4C38-9388-E042BDD9B234}.Debug|Any CPU.Build.0 = Debug|Any CPU
		{FEF8B728-861A-4C38-9388-E042BDD9B234}.Release|Any CPU.ActiveCfg = Release|Any CPU
		{FEF8B728-861A-4C38-9388-E042BDD9B234}.Release|Any CPU.Build.0 = Release|Any CPU
	EndGlobalSection
EndGlobal
